{
  "name": "nodefix",
  "lockfileVersion": 3,
  "requires": true,
  "packages": {
    "": {
      "dependencies": {
        "dotenv": "^16.5.0",
        "fix-protocol": "^1.0.1",
        "net": "^1.0.2"
      },
      "devDependencies": {
        "@types/node": "^22.13.13",
        "typescript": "^5.8.2"
      }
    },
    "node_modules/@types/node": {
      "version": "22.14.1",
      "resolved": "https://registry.npmjs.org/@types/node/-/node-22.14.1.tgz",
      "integrity": "sha512-u0HuPQwe/dHrItgHHpmw3N2fYCR6x4ivMNbPHRkBVP4CvN+kiRrKHWk3i8tXiO/joPwXLMYvF9TTF0eqgHIuOw==",
      "dev": true,
      "license": "MIT",
      "dependencies": {
        "undici-types": "~6.21.0"
      }
    },
    "node_modules/dotenv": {
      "version": "16.5.0",
      "resolved": "https://registry.npmjs.org/dotenv/-/dotenv-16.5.0.tgz",
      "integrity": "sha512-m/C+AwOAr9/W1UOIZUo232ejMNnJAJtYQjUbHoNTBNTJSvqzzDh7vnrei3o3r3m9blf6ZoDkvcw0VmozNRFJxg==",
      "license": "BSD-2-Clause",
      "engines": {
        "node": ">=12"
      },
      "funding": {
        "url": "https://dotenvx.com"
      }
    },
    "node_modules/fix-protocol": {
      "version": "1.0.1",
      "resolved": "https://registry.npmjs.org/fix-protocol/-/fix-protocol-1.0.1.tgz",
      "integrity": "sha512-01nmgFwAwbnx/p3O/daJbtvpZSCC/UABwuP3/fSeSGtt6b0umNfODyXtj5vo44hyTQQFJ4M5xNv1p3hKq89SHw==",
      "license": "ISC",
      "dependencies": {
        "pipe": "0.0.2",
        "underscore": "1.1.6",
        "underscore.string": "1.1.4"
      },
      "engines": {
        "node": ">=0.4.8"
      }
    },
    "node_modules/net": {
      "version": "1.0.2",
      "resolved": "https://registry.npmjs.org/net/-/net-1.0.2.tgz",
      "integrity": "sha512-kbhcj2SVVR4caaVnGLJKmlk2+f+oLkjqdKeQlmUtz6nGzOpbcobwVIeSURNgraV/v3tlmGIX82OcPCl0K6RbHQ==",
      "license": "MIT"
    },
    "node_modules/pipe": {
      "version": "0.0.2",
      "resolved": "https://registry.npmjs.org/pipe/-/pipe-0.0.2.tgz",
      "integrity": "sha512-67s0/X7rv2PX1sl64FQqC0qQuSpd1tv8Wh6c+U1lprj6Q7NxDYulCxZTbVbDvc/HSpZLYh7Oo821xReXSCZikQ==",
      "engines": {
        "node": ">=0.4.8"
      }
    },
    "node_modules/typescript": {
      "version": "5.8.3",
      "resolved": "https://registry.npmjs.org/typescript/-/typescript-5.8.3.tgz",
      "integrity": "sha512-p1diW6TqL9L07nNxvRMM7hMMw4c5XOo/1ibL4aAIGmSAt9slTE1Xgw5KWuof2uTOvCg9BY7ZRi+GaF+7sfgPeQ==",
      "dev": true,
      "license": "Apache-2.0",
      "bin": {
        "tsc": "bin/tsc",
        "tsserver": "bin/tsserver"
      },
      "engines": {
        "node": ">=14.17"
      }
    },
    "node_modules/underscore": {
      "version": "1.1.6",
      "resolved": "https://registry.npmjs.org/underscore/-/underscore-1.1.6.tgz",
      "integrity": "sha512-aqSzrO92Cjmeo8G7F49+ZHWBo3IJpjpsUZZaqfOHJGN61flbpLxQw/sP91p4kf/2+nkFrG6AG2WHlJh6RCf+/g==",
      "engines": {
        "node": "*"
      }
    },
    "node_modules/underscore.string": {
      "version": "1.1.4",
      "resolved": "https://registry.npmjs.org/underscore.string/-/underscore.string-1.1.4.tgz",
      "integrity": "sha512-WsF8NWzIbTvxUaSOpSLq+AiO0tzweXdWQZ4w9Op8S/1BT9Fh7hCS7bfrF17vZu9kJg3pcqO+8WXfQSr1ah0f2g==",
      "dependencies": {
        "underscore": "1.1.6"
      },
      "engines": {
        "node": "*"
      }
    },
    "node_modules/undici-types": {
      "version": "6.21.0",
      "resolved": "https://registry.npmjs.org/undici-types/-/undici-types-6.21.0.tgz",
      "integrity": "sha512-iwDZqg0QAGrg9Rav5H4n0M64c3mkR59cJ6wQp+7C4nI0gsmExaedaYLNO44eT4AtBBwjbTiGPMlt2Md0T9H9JQ==",
      "dev": true,
      "license": "MIT"
    }
  }
}
